# THIS IS AN AUTOGENERATED FILE. DO NOT EDIT THIS FILE DIRECTLY.
# yarn lockfile v1


wasm-ring-buffer@^1.0.0:
  version "1.0.0"
  resolved "https://registry.yarnpkg.com/wasm-ring-buffer/-/wasm-ring-buffer-1.0.0.tgz#a64fa91366511650d86fc30b2451f3ee67ba2fdc"
  integrity sha512-lg8iczrhtoQguxOpD0Uu3WMoL7rRQbpOipQUEPDHMKgOU3J1TQQICg0LaRH4EC6+iy9P0GeKfqPjO7otmMG2lQ==
